{
  "sources": {
    "apt": {
      "locked_version": "2.3.0"
    },
    "git": {
      "locked_version": "2.7.0"
    },
    "build-essential": {
      "locked_version": "1.4.2"
    },
    "ufw": {
      "locked_version": "0.7.0"
    },
    "nginx": {
      "locked_version": "2.0.4"
    },
    "memcached": {
      "locked_version": "1.6.2"
    },
    "redisio": {
      "locked_version": "1.7.0"
    },
    "newrelic": {
      "locked_version": "0.5.5"
    },
    "mysql": {
      "locked_version": "4.0.6"
    },
    "database": {
      "locked_version": "1.5.2"
    },
    "imagemagick": {
      "locked_version": "0.2.2"
    },
    "cron": {
      "locked_version": "1.2.8"
    },
    "ruby_build": {
      "locked_version": "0.8.0"
    },
    "dmg": {
      "locked_version": "2.0.8"
    },
    "yum": {
      "locked_version": "2.4.4"
    },
    "windows": {
      "locked_version": "1.11.0"
    },
    "chef_handler": {
      "locked_version": "1.1.4"
    },
    "runit": {
      "locked_version": "1.4.0"
    },
    "firewall": {
      "locked_version": "0.11.2"
    },
    "bluepill": {
      "locked_version": "2.3.0"
    },
    "rsyslog": {
      "locked_version": "1.9.0"
    },
    "ohai": {
      "locked_version": "1.1.12"
    },
    "ulimit": {
      "locked_version": "0.3.2"
    },
    "php": {
      "locked_version": "1.2.6"
    },
    "xml": {
      "locked_version": "1.2.0"
    },
    "python": {
      "locked_version": "1.4.4"
    },
    "ms_dotnet4": {
      "locked_version": "1.0.2"
    },
    "curl": {
      "locked_version": "1.1.0"
    },
    "openssl": {
      "locked_version": "1.1.0"
    },
    "postgresql": {
      "locked_version": "3.3.4"
    },
    "aws": {
      "locked_version": "1.0.0"
    },
    "xfs": {
      "locked_version": "1.1.0"
    }
  }
}
